
Microsoft Visual Studio Solution File, Format Version 12.00
# Visual Studio Version 17
VisualStudioVersion = 17.0.32014.148
MinimumVisualStudioVersion = 10.0.40219.1
Project("{FAE04EC0-301F-11D3-BF4B-00C04F79EFBC}") = "SomeCoolNameHere", "SomeCoolNameHere\SomeCoolNameHere.csproj", "{4A6CC0A0-E21E-4002-ABC1-646ACC9EB927}"
EndProject
Project("{FAE04EC0-301F-11D3-BF4B-00C04F79EFBC}") = "SomeCoolNameHere.Core", "SomeCoolNameHere.Core\SomeCoolNameHere.Core.csproj", "{C4877FA6-C4FE-4AE0-9E0A-67005E28DA90}"
EndProject
Project("{FAE04EC0-301F-11D3-BF4B-00C04F79EFBC}") = "SomeCoolNameHere.Infrastructure", "SomeCoolNameHere.Infrastructure\SomeCoolNameHere.Infrastructure.csproj", "{2B9F2417-6F9B-4539-A965-3AD7D0C8FD79}"
EndProject
Global
	GlobalSection(SolutionConfigurationPlatforms) = preSolution
		Debug|Any CPU = Debug|Any CPU
		Release|Any CPU = Release|Any CPU
	EndGlobalSection
	GlobalSection(ProjectConfigurationPlatforms) = postSolution
		{4A6CC0A0-E21E-4002-ABC1-646ACC9EB927}.Debug|Any CPU.ActiveCfg = Debug|Any CPU
		{4A6CC0A0-E21E-4002-ABC1-646ACC9EB927}.Debug|Any CPU.Build.0 = Debug|Any CPU
		{4A6CC0A0-E21E-4002-ABC1-646ACC9EB927}.Release|Any CPU.ActiveCfg = Release|Any CPU
		{4A6CC0A0-E21E-4002-ABC1-646ACC9EB927}.Release|Any CPU.Build.0 = Release|Any CPU
		{C4877FA6-C4FE-4AE0-9E0A-67005E28DA90}.Debug|Any CPU.ActiveCfg = Debug|Any CPU
		{C4877FA6-C4FE-4AE0-9E0A-67005E28DA90}.Debug|Any CPU.Build.0 = Debug|Any CPU
		{C4877FA6-C4FE-4AE0-9E0A-67005E28DA90}.Release|Any CPU.ActiveCfg = Release|Any CPU
		{C4877FA6-C4FE-4AE0-9E0A-67005E28DA90}.Release|Any CPU.Build.0 = Release|Any CPU
		{2B9F2417-6F9B-4539-A965-3AD7D0C8FD79}.Debug|Any CPU.ActiveCfg = Debug|Any CPU
		{2B9F2417-6F9B-4539-A965-3AD7D0C8FD79}.Debug|Any CPU.Build.0 = Debug|Any CPU
		{2B9F2417-6F9B-4539-A965-3AD7D0C8FD79}.Release|Any CPU.ActiveCfg = Release|Any CPU
		{2B9F2417-6F9B-4539-A965-3AD7D0C8FD79}.Release|Any CPU.Build.0 = Release|Any CPU
	EndGlobalSection
	GlobalSection(SolutionProperties) = preSolution
		HideSolutionNode = FALSE
	EndGlobalSection
	GlobalSection(ExtensibilityGlobals) = postSolution
		SolutionGuid = {05815424-A47E-49CB-94B8-AA97C92681F3}
	EndGlobalSection
EndGlobal
